// !$*UTF8*$!
{
	archiveVersion = 1;
	classes = {
	};
	objectVersion = 77;
	objects = {

/* Begin PBXBuildFile section */
		490D142D67798D9E76C0D7B0 /* onnxruntime.xcframework in Frameworks */ = {isa = PBXBuildFile; fileRef = E15775105779F2515994ACE9 /* onnxruntime.xcframework */; };
		85AE1CE9398CB1357527D0F8 /* sherpa-onnx.xcframework in Frameworks */ = {isa = PBXBuildFile; fileRef = E96309E614074D3F4B02B3A8 /* sherpa-onnx.xcframework */; };
		A6344855E81384E6C30C7B5C /* espeak-ng-data in Resources */ = {isa = PBXBuildFile; fileRef = 6B74C45AED06C80272905DEE /* espeak-ng-data */; };
		A6E030262EBEED0E005E8935 /* ZIPFoundation in Frameworks */ = {isa = PBXBuildFile; productRef = A6E030252EBEED0E005E8935 /* ZIPFoundation */; };
		A6E049852EC06DBE005E8935 /* SWCompression in Frameworks */ = {isa = PBXBuildFile; productRef = A6E049842EC06DBE005E8935 /* SWCompression */; };
/* End PBXBuildFile section */

/* Begin PBXContainerItemProxy section */
		A6E02F162EBD6693005E8935 /* PBXContainerItemProxy */ = {
			isa = PBXContainerItemProxy;
			containerPortal = A6E02EFB2EBD6692005E8935 /* Project object */;
			proxyType = 1;
			remoteGlobalIDString = A6E02F022EBD6692005E8935;
			remoteInfo = Listen2;
		};
		A6E02F202EBD6693005E8935 /* PBXContainerItemProxy */ = {
			isa = PBXContainerItemProxy;
			containerPortal = A6E02EFB2EBD6692005E8935 /* Project object */;
			proxyType = 1;
			remoteGlobalIDString = A6E02F022EBD6692005E8935;
			remoteInfo = Listen2;
		};
/* End PBXContainerItemProxy section */

/* Begin PBXFileReference section */
		6B74C45AED06C80272905DEE /* espeak-ng-data */ = {isa = PBXFileReference; includeInIndex = 1; lastKnownFileType = folder; name = "espeak-ng-data"; path = "Listen2/Resources/PiperModels/espeak-ng-data"; sourceTree = SOURCE_ROOT; };
		A6E02F032EBD6692005E8935 /* Listen2.app */ = {isa = PBXFileReference; explicitFileType = wrapper.application; includeInIndex = 0; path = Listen2.app; sourceTree = BUILT_PRODUCTS_DIR; };
		A6E02F152EBD6693005E8935 /* Listen2Tests.xctest */ = {isa = PBXFileReference; explicitFileType = wrapper.cfbundle; includeInIndex = 0; path = Listen2Tests.xctest; sourceTree = BUILT_PRODUCTS_DIR; };
		A6E02F1F2EBD6693005E8935 /* Listen2UITests.xctest */ = {isa = PBXFileReference; explicitFileType = wrapper.cfbundle; includeInIndex = 0; path = Listen2UITests.xctest; sourceTree = BUILT_PRODUCTS_DIR; };
		E15775105779F2515994ACE9 /* onnxruntime.xcframework */ = {isa = PBXFileReference; includeInIndex = 1; lastKnownFileType = wrapper.xcframework; name = onnxruntime.xcframework; path = "../../../../../../../../private/tmp/sherpa-onnx/build-ios/ios-onnxruntime/onnxruntime.xcframework"; sourceTree = "<group>"; };
		E96309E614074D3F4B02B3A8 /* sherpa-onnx.xcframework */ = {isa = PBXFileReference; includeInIndex = 1; lastKnownFileType = wrapper.xcframework; name = "sherpa-onnx.xcframework"; path = "../../../../../../../../private/tmp/sherpa-onnx/build-ios/sherpa-onnx.xcframework"; sourceTree = "<group>"; };
/* End PBXFileReference section */

/* Begin PBXFileSystemSynchronizedRootGroup section */
		A6E02F052EBD6692005E8935 /* Listen2 */ = {
			isa = PBXFileSystemSynchronizedRootGroup;
			path = Listen2;
			sourceTree = "<group>";
		};
		A6E02F182EBD6693005E8935 /* Listen2Tests */ = {
			isa = PBXFileSystemSynchronizedRootGroup;
			path = Listen2Tests;
			sourceTree = "<group>";
		};
		A6E02F222EBD6693005E8935 /* Listen2UITests */ = {
			isa = PBXFileSystemSynchronizedRootGroup;
			path = Listen2UITests;
			sourceTree = "<group>";
		};
/* End PBXFileSystemSynchronizedRootGroup section */

/* Begin PBXFrameworksBuildPhase section */
		A6E02F002EBD6692005E8935 /* Frameworks */ = {
			isa = PBXFrameworksBuildPhase;
			buildActionMask = 2147483647;
			files = (
				A6E030262EBEED0E005E8935 /* ZIPFoundation in Frameworks */,
				A6E049852EC06DBE005E8935 /* SWCompression in Frameworks */,
				85AE1CE9398CB1357527D0F8 /* sherpa-onnx.xcframework in Frameworks */,
				490D142D67798D9E76C0D7B0 /* onnxruntime.xcframework in Frameworks */,
			);
			runOnlyForDeploymentPostprocessing = 0;
		};
		A6E02F122EBD6693005E8935 /* Frameworks */ = {
			isa = PBXFrameworksBuildPhase;
			buildActionMask = 2147483647;
			files = (
			);
			runOnlyForDeploymentPostprocessing = 0;
		};
		A6E02F1C2EBD6693005E8935 /* Frameworks */ = {
			isa = PBXFrameworksBuildPhase;
			buildActionMask = 2147483647;
			files = (
			);
			runOnlyForDeploymentPostprocessing = 0;
		};
/* End PBXFrameworksBuildPhase section */

/* Begin PBXGroup section */
		A6E02EFA2EBD6692005E8935 = {
			isa = PBXGroup;
			children = (
				A6E02F052EBD6692005E8935 /* Listen2 */,
				A6E02F182EBD6693005E8935 /* Listen2Tests */,
				A6E02F222EBD6693005E8935 /* Listen2UITests */,
				A6E030242EBEED0E005E8935 /* Frameworks */,
				A6E02F042EBD6692005E8935 /* Products */,
				E96309E614074D3F4B02B3A8 /* sherpa-onnx.xcframework */,
				E15775105779F2515994ACE9 /* onnxruntime.xcframework */,
				6B74C45AED06C80272905DEE /* espeak-ng-data */,
			);
			sourceTree = "<group>";
		};
		A6E02F042EBD6692005E8935 /* Products */ = {
			isa = PBXGroup;
			children = (
				A6E02F032EBD6692005E8935 /* Listen2.app */,
				A6E02F152EBD6693005E8935 /* Listen2Tests.xctest */,
				A6E02F1F2EBD6693005E8935 /* Listen2UITests.xctest */,
			);
			name = Products;
			sourceTree = "<group>";
		};
		A6E030242EBEED0E005E8935 /* Frameworks */ = {
			isa = PBXGroup;
			children = (
			);
			name = Frameworks;
			sourceTree = "<group>";
		};
/* End PBXGroup section */

/* Begin PBXNativeTarget section */
		A6E02F022EBD6692005E8935 /* Listen2 */ = {
			isa = PBXNativeTarget;
			buildConfigurationList = A6E02F292EBD6693005E8935 /* Build configuration list for PBXNativeTarget "Listen2" */;
			buildPhases = (
				A6E02EFF2EBD6692005E8935 /* Sources */,
				A6E02F002EBD6692005E8935 /* Frameworks */,
				A6E02F012EBD6692005E8935 /* Resources */,
			);
			buildRules = (
			);
			dependencies = (
			);
			fileSystemSynchronizedGroups = (
				A6E02F052EBD6692005E8935 /* Listen2 */,
			);
			name = Listen2;
			packageProductDependencies = (
				A6E030252EBEED0E005E8935 /* ZIPFoundation */,
				A6E049842EC06DBE005E8935 /* SWCompression */,
			);
			productName = Listen2;
			productReference = A6E02F032EBD6692005E8935 /* Listen2.app */;
			productType = "com.apple.product-type.application";
		};
		A6E02F142EBD6693005E8935 /* Listen2Tests */ = {
			isa = PBXNativeTarget;
			buildConfigurationList = A6E02F2C2EBD6693005E8935 /* Build configuration list for PBXNativeTarget "Listen2Tests" */;
			buildPhases = (
				A6E02F112EBD6693005E8935 /* Sources */,
				A6E02F122EBD6693005E8935 /* Frameworks */,
				A6E02F132EBD6693005E8935 /* Resources */,
			);
			buildRules = (
			);
			dependencies = (
				A6E02F172EBD6693005E8935 /* PBXTargetDependency */,
			);
			fileSystemSynchronizedGroups = (
				A6E02F182EBD6693005E8935 /* Listen2Tests */,
			);
			name = Listen2Tests;
			productName = Listen2Tests;
			productReference = A6E02F152EBD6693005E8935 /* Listen2Tests.xctest */;
			productType = "com.apple.product-type.bundle.unit-test";
		};
		A6E02F1E2EBD6693005E8935 /* Listen2UITests */ = {
			isa = PBXNativeTarget;
			buildConfigurationList = A6E02F2F2EBD6693005E8935 /* Build configuration list for PBXNativeTarget "Listen2UITests" */;
			buildPhases = (
				A6E02F1B2EBD6693005E8935 /* Sources */,
				A6E02F1C2EBD6693005E8935 /* Frameworks */,
				A6E02F1D2EBD6693005E8935 /* Resources */,
			);
			buildRules = (
			);
			dependencies = (
				A6E02F212EBD6693005E8935 /* PBXTargetDependency */,
			);
			fileSystemSynchronizedGroups = (
				A6E02F222EBD6693005E8935 /* Listen2UITests */,
			);
			name = Listen2UITests;
			productName = Listen2UITests;
			productReference = A6E02F1F2EBD6693005E8935 /* Listen2UITests.xctest */;
			productType = "com.apple.product-type.bundle.ui-testing";
		};
/* End PBXNativeTarget section */

/* Begin PBXProject section */
		A6E02EFB2EBD6692005E8935 /* Project object */ = {
			isa = PBXProject;
			attributes = {
				BuildIndependentTargetsInParallel = 1;
				LastSwiftUpdateCheck = 1620;
				LastUpgradeCheck = 1620;
				TargetAttributes = {
					A6E02F022EBD6692005E8935 = {
						CreatedOnToolsVersion = 16.2;
					};
					A6E02F142EBD6693005E8935 = {
						CreatedOnToolsVersion = 16.2;
						TestTargetID = A6E02F022EBD6692005E8935;
					};
					A6E02F1E2EBD6693005E8935 = {
						CreatedOnToolsVersion = 16.2;
						TestTargetID = A6E02F022EBD6692005E8935;
					};
				};
			};
			buildConfigurationList = A6E02EFE2EBD6692005E8935 /* Build configuration list for PBXProject "Listen2" */;
			developmentRegion = en;
			hasScannedForEncodings = 0;
			knownRegions = (
				en,
				Base,
			);
			mainGroup = A6E02EFA2EBD6692005E8935;
			minimizedProjectReferenceProxies = 1;
			packageReferences = (
				A6E030232EBEEA5C005E8935 /* XCRemoteSwiftPackageReference "ZIPFoundation" */,
				A6E049832EC06DBE005E8935 /* XCRemoteSwiftPackageReference "SWCompression" */,
			);
			preferredProjectObjectVersion = 77;
			productRefGroup = A6E02F042EBD6692005E8935 /* Products */;
			projectDirPath = "";
			projectRoot = "";
			targets = (
				A6E02F022EBD6692005E8935 /* Listen2 */,
				A6E02F142EBD6693005E8935 /* Listen2Tests */,
				A6E02F1E2EBD6693005E8935 /* Listen2UITests */,
			);
		};
/* End PBXProject section */

/* Begin PBXResourcesBuildPhase section */
		A6E02F012EBD6692005E8935 /* Resources */ = {
			isa = PBXResourcesBuildPhase;
			buildActionMask = 2147483647;
			files = (
				A6344855E81384E6C30C7B5C /* espeak-ng-data in Resources */,
			);
			runOnlyForDeploymentPostprocessing = 0;
		};
		A6E02F132EBD6693005E8935 /* Resources */ = {
			isa = PBXResourcesBuildPhase;
			buildActionMask = 2147483647;
			files = (
			);
			runOnlyForDeploymentPostprocessing = 0;
		};
		A6E02F1D2EBD6693005E8935 /* Resources */ = {
			isa = PBXResourcesBuildPhase;
			buildActionMask = 2147483647;
			files = (
			);
			runOnlyForDeploymentPostprocessing = 0;
		};
/* End PBXResourcesBuildPhase section */

/* Begin PBXSourcesBuildPhase section */
		A6E02EFF2EBD6692005E8935 /* Sources */ = {
			isa = PBXSourcesBuildPhase;
			buildActionMask = 2147483647;
			files = (
			);
			runOnlyForDeploymentPostprocessing = 0;
		};
		A6E02F112EBD6693005E8935 /* Sources */ = {
			isa = PBXSourcesBuildPhase;
			buildActionMask = 2147483647;
			files = (
			);
			runOnlyForDeploymentPostprocessing = 0;
		};
		A6E02F1B2EBD6693005E8935 /* Sources */ = {
			isa = PBXSourcesBuildPhase;
			buildActionMask = 2147483647;
			files = (
			);
			runOnlyForDeploymentPostprocessing = 0;
		};
/* End PBXSourcesBuildPhase section */

/* Begin PBXTargetDependency section */
		A6E02F172EBD6693005E8935 /* PBXTargetDependency */ = {
			isa = PBXTargetDependency;
			target = A6E02F022EBD6692005E8935 /* Listen2 */;
			targetProxy = A6E02F162EBD6693005E8935 /* PBXContainerItemProxy */;
		};
		A6E02F212EBD6693005E8935 /* PBXTargetDependency */ = {
			isa = PBXTargetDependency;
			target = A6E02F022EBD6692005E8935 /* Listen2 */;
			targetProxy = A6E02F202EBD6693005E8935 /* PBXContainerItemProxy */;
		};
/* End PBXTargetDependency section */

/* Begin XCBuildConfiguration section */
		A6E02F272EBD6693005E8935 /* Debug */ = {
			isa = XCBuildConfiguration;
			buildSettings = {
				ALWAYS_SEARCH_USER_PATHS = NO;
				ASSETCATALOG_COMPILER_GENERATE_SWIFT_ASSET_SYMBOL_EXTENSIONS = YES;
				CLANG_ANALYZER_NONNULL = YES;
				CLANG_ANALYZER_NUMBER_OBJECT_CONVERSION = YES_AGGRESSIVE;
				CLANG_CXX_LANGUAGE_STANDARD = "gnu++20";
				CLANG_ENABLE_MODULES = YES;
				CLANG_ENABLE_OBJC_ARC = YES;
				CLANG_ENABLE_OBJC_WEAK = YES;
				CLANG_WARN_BLOCK_CAPTURE_AUTORELEASING = YES;
				CLANG_WARN_BOOL_CONVERSION = YES;
				CLANG_WARN_COMMA = YES;
				CLANG_WARN_CONSTANT_CONVERSION = YES;
				CLANG_WARN_DEPRECATED_OBJC_IMPLEMENTATIONS = YES;
				CLANG_WARN_DIRECT_OBJC_ISA_USAGE = YES_ERROR;
				CLANG_WARN_DOCUMENTATION_COMMENTS = YES;
				CLANG_WARN_EMPTY_BODY = YES;
				CLANG_WARN_ENUM_CONVERSION = YES;
				CLANG_WARN_INFINITE_RECURSION = YES;
				CLANG_WARN_INT_CONVERSION = YES;
				CLANG_WARN_NON_LITERAL_NULL_CONVERSION = YES;
				CLANG_WARN_OBJC_IMPLICIT_RETAIN_SELF = YES;
				CLANG_WARN_OBJC_LITERAL_CONVERSION = YES;
				CLANG_WARN_OBJC_ROOT_CLASS = YES_ERROR;
				CLANG_WARN_QUOTED_INCLUDE_IN_FRAMEWORK_HEADER = YES;
				CLANG_WARN_RANGE_LOOP_ANALYSIS = YES;
				CLANG_WARN_STRICT_PROTOTYPES = YES;
				CLANG_WARN_SUSPICIOUS_MOVE = YES;
				CLANG_WARN_UNGUARDED_AVAILABILITY = YES_AGGRESSIVE;
				CLANG_WARN_UNREACHABLE_CODE = YES;
				CLANG_WARN__DUPLICATE_METHOD_MATCH = YES;
				COPY_PHASE_STRIP = NO;
				DEBUG_INFORMATION_FORMAT = dwarf;
				ENABLE_STRICT_OBJC_MSGSEND = YES;
				ENABLE_TESTABILITY = YES;
				ENABLE_USER_SCRIPT_SANDBOXING = YES;
				GCC_C_LANGUAGE_STANDARD = gnu17;
				GCC_DYNAMIC_NO_PIC = NO;
				GCC_NO_COMMON_BLOCKS = YES;
				GCC_OPTIMIZATION_LEVEL = 0;
				GCC_PREPROCESSOR_DEFINITIONS = (
					"DEBUG=1",
					"$(inherited)",
				);
				GCC_WARN_64_TO_32_BIT_CONVERSION = YES;
				GCC_WARN_ABOUT_RETURN_TYPE = YES_ERROR;
				GCC_WARN_UNDECLARED_SELECTOR = YES;
				GCC_WARN_UNINITIALIZED_AUTOS = YES_AGGRESSIVE;
				GCC_WARN_UNUSED_FUNCTION = YES;
				GCC_WARN_UNUSED_VARIABLE = YES;
				IPHONEOS_DEPLOYMENT_TARGET = 18.2;
				LOCALIZATION_PREFERS_STRING_CATALOGS = YES;
				MTL_ENABLE_DEBUG_INFO = INCLUDE_SOURCE;
				MTL_FAST_MATH = YES;
				ONLY_ACTIVE_ARCH = YES;
				SDKROOT = iphoneos;
				SWIFT_ACTIVE_COMPILATION_CONDITIONS = "DEBUG $(inherited)";
				SWIFT_OPTIMIZATION_LEVEL = "-Onone";
			};
			name = Debug;
		};
		A6E02F282EBD6693005E8935 /* Release */ = {
			isa = XCBuildConfiguration;
			buildSettings = {
				ALWAYS_SEARCH_USER_PATHS = NO;
				ASSETCATALOG_COMPILER_GENERATE_SWIFT_ASSET_SYMBOL_EXTENSIONS = YES;
				CLANG_ANALYZER_NONNULL = YES;
				CLANG_ANALYZER_NUMBER_OBJECT_CONVERSION = YES_AGGRESSIVE;
				CLANG_CXX_LANGUAGE_STANDARD = "gnu++20";
				CLANG_ENABLE_MODULES = YES;
				CLANG_ENABLE_OBJC_ARC = YES;
				CLANG_ENABLE_OBJC_WEAK = YES;
				CLANG_WARN_BLOCK_CAPTURE_AUTORELEASING = YES;
				CLANG_WARN_BOOL_CONVERSION = YES;
				CLANG_WARN_COMMA = YES;
				CLANG_WARN_CONSTANT_CONVERSION = YES;
				CLANG_WARN_DEPRECATED_OBJC_IMPLEMENTATIONS = YES;
				CLANG_WARN_DIRECT_OBJC_ISA_USAGE = YES_ERROR;
				CLANG_WARN_DOCUMENTATION_COMMENTS = YES;
				CLANG_WARN_EMPTY_BODY = YES;
				CLANG_WARN_ENUM_CONVERSION = YES;
				CLANG_WARN_INFINITE_RECURSION = YES;
				CLANG_WARN_INT_CONVERSION = YES;
				CLANG_WARN_NON_LITERAL_NULL_CONVERSION = YES;
				CLANG_WARN_OBJC_IMPLICIT_RETAIN_SELF = YES;
				CLANG_WARN_OBJC_LITERAL_CONVERSION = YES;
				CLANG_WARN_OBJC_ROOT_CLASS = YES_ERROR;
				CLANG_WARN_QUOTED_INCLUDE_IN_FRAMEWORK_HEADER = YES;
				CLANG_WARN_RANGE_LOOP_ANALYSIS = YES;
				CLANG_WARN_STRICT_PROTOTYPES = YES;
				CLANG_WARN_SUSPICIOUS_MOVE = YES;
				CLANG_WARN_UNGUARDED_AVAILABILITY = YES_AGGRESSIVE;
				CLANG_WARN_UNREACHABLE_CODE = YES;
				CLANG_WARN__DUPLICATE_METHOD_MATCH = YES;
				COPY_PHASE_STRIP = NO;
				DEBUG_INFORMATION_FORMAT = "dwarf-with-dsym";
				ENABLE_NS_ASSERTIONS = NO;
				ENABLE_STRICT_OBJC_MSGSEND = YES;
				ENABLE_USER_SCRIPT_SANDBOXING = YES;
				GCC_C_LANGUAGE_STANDARD = gnu17;
				GCC_NO_COMMON_BLOCKS = YES;
				GCC_WARN_64_TO_32_BIT_CONVERSION = YES;
				GCC_WARN_ABOUT_RETURN_TYPE = YES_ERROR;
				GCC_WARN_UNDECLARED_SELECTOR = YES;
				GCC_WARN_UNINITIALIZED_AUTOS = YES_AGGRESSIVE;
				GCC_WARN_UNUSED_FUNCTION = YES;
				GCC_WARN_UNUSED_VARIABLE = YES;
				IPHONEOS_DEPLOYMENT_TARGET = 18.2;
				LOCALIZATION_PREFERS_STRING_CATALOGS = YES;
				MTL_ENABLE_DEBUG_INFO = NO;
				MTL_FAST_MATH = YES;
				SDKROOT = iphoneos;
				SWIFT_COMPILATION_MODE = wholemodule;
				VALIDATE_PRODUCT = YES;
			};
			name = Release;
		};
		A6E02F2A2EBD6693005E8935 /* Debug */ = {
			isa = XCBuildConfiguration;
			buildSettings = {
				ASSETCATALOG_COMPILER_APPICON_NAME = AppIcon;
				ASSETCATALOG_COMPILER_GLOBAL_ACCENT_COLOR_NAME = AccentColor;
				CODE_SIGN_STYLE = Automatic;
				CURRENT_PROJECT_VERSION = 1;
				DEVELOPMENT_ASSET_PATHS = "\"Listen2/Preview Content\"";
				DEVELOPMENT_TEAM = 2DM29VZ8ED;
				ENABLE_PREVIEWS = YES;
				FRAMEWORK_SEARCH_PATHS = (
					"/private/tmp/sherpa-onnx/build-ios",
					"/private/tmp/sherpa-onnx/build-ios/ios-onnxruntime",
				);
				GENERATE_INFOPLIST_FILE = YES;
				INFOPLIST_FILE = Info.plist;
				INFOPLIST_KEY_UIApplicationSceneManifest_Generation = YES;
				INFOPLIST_KEY_UIApplicationSupportsIndirectInputEvents = YES;
				INFOPLIST_KEY_UILaunchScreen_Generation = YES;
				INFOPLIST_KEY_UISupportedInterfaceOrientations_iPad = "UIInterfaceOrientationPortrait UIInterfaceOrientationPortraitUpsideDown UIInterfaceOrientationLandscapeLeft UIInterfaceOrientationLandscapeRight";
				INFOPLIST_KEY_UISupportedInterfaceOrientations_iPhone = "UIInterfaceOrientationPortrait UIInterfaceOrientationLandscapeLeft UIInterfaceOrientationLandscapeRight";
				LD_RUNPATH_SEARCH_PATHS = (
					"$(inherited)",
					"@executable_path/Frameworks",
				);
				MARKETING_VERSION = 1.0;
				PRODUCT_BUNDLE_IDENTIFIER = com.zachswift.Listen2;
				PRODUCT_NAME = "$(TARGET_NAME)";
				SWIFT_EMIT_LOC_STRINGS = YES;
				SWIFT_OBJC_BRIDGING_HEADER = "Listen2/Listen2-Bridging-Header.h";
				SWIFT_VERSION = 5.0;
				TARGETED_DEVICE_FAMILY = "1,2";
			};
			name = Debug;
		};
		A6E02F2B2EBD6693005E8935 /* Release */ = {
			isa = XCBuildConfiguration;
			buildSettings = {
				ASSETCATALOG_COMPILER_APPICON_NAME = AppIcon;
				ASSETCATALOG_COMPILER_GLOBAL_ACCENT_COLOR_NAME = AccentColor;
				CODE_SIGN_STYLE = Automatic;
				CURRENT_PROJECT_VERSION = 1;
				DEVELOPMENT_ASSET_PATHS = "\"Listen2/Preview Content\"";
				DEVELOPMENT_TEAM = 2DM29VZ8ED;
				ENABLE_PREVIEWS = YES;
				FRAMEWORK_SEARCH_PATHS = (
					"/private/tmp/sherpa-onnx/build-ios",
					"/private/tmp/sherpa-onnx/build-ios/ios-onnxruntime",
				);
				GENERATE_INFOPLIST_FILE = YES;
				INFOPLIST_FILE = Info.plist;
				INFOPLIST_KEY_UIApplicationSceneManifest_Generation = YES;
				INFOPLIST_KEY_UIApplicationSupportsIndirectInputEvents = YES;
				INFOPLIST_KEY_UILaunchScreen_Generation = YES;
				INFOPLIST_KEY_UISupportedInterfaceOrientations_iPad = "UIInterfaceOrientationPortrait UIInterfaceOrientationPortraitUpsideDown UIInterfaceOrientationLandscapeLeft UIInterfaceOrientationLandscapeRight";
				INFOPLIST_KEY_UISupportedInterfaceOrientations_iPhone = "UIInterfaceOrientationPortrait UIInterfaceOrientationLandscapeLeft UIInterfaceOrientationLandscapeRight";
				LD_RUNPATH_SEARCH_PATHS = (
					"$(inherited)",
					"@executable_path/Frameworks",
				);
				MARKETING_VERSION = 1.0;
				PRODUCT_BUNDLE_IDENTIFIER = com.zachswift.Listen2;
				PRODUCT_NAME = "$(TARGET_NAME)";
				SWIFT_EMIT_LOC_STRINGS = YES;
				SWIFT_OBJC_BRIDGING_HEADER = "Listen2/Listen2-Bridging-Header.h";
				SWIFT_VERSION = 5.0;
				TARGETED_DEVICE_FAMILY = "1,2";
			};
			name = Release;
		};
		A6E02F2D2EBD6693005E8935 /* Debug */ = {
			isa = XCBuildConfiguration;
			buildSettings = {
				BUNDLE_LOADER = "$(TEST_HOST)";
				CODE_SIGN_STYLE = Automatic;
				CURRENT_PROJECT_VERSION = 1;
				DEVELOPMENT_TEAM = 2DM29VZ8ED;
				GENERATE_INFOPLIST_FILE = YES;
				IPHONEOS_DEPLOYMENT_TARGET = 18.2;
				MARKETING_VERSION = 1.0;
				PRODUCT_BUNDLE_IDENTIFIER = com.zachswift.Listen2Tests;
				PRODUCT_NAME = "$(TARGET_NAME)";
				SWIFT_EMIT_LOC_STRINGS = NO;
				SWIFT_VERSION = 5.0;
				TARGETED_DEVICE_FAMILY = "1,2";
				TEST_HOST = "$(BUILT_PRODUCTS_DIR)/Listen2.app/$(BUNDLE_EXECUTABLE_FOLDER_PATH)/Listen2";
			};
			name = Debug;
		};
		A6E02F2E2EBD6693005E8935 /* Release */ = {
			isa = XCBuildConfiguration;
			buildSettings = {
				BUNDLE_LOADER = "$(TEST_HOST)";
				CODE_SIGN_STYLE = Automatic;
				CURRENT_PROJECT_VERSION = 1;
				DEVELOPMENT_TEAM = 2DM29VZ8ED;
				GENERATE_INFOPLIST_FILE = YES;
				IPHONEOS_DEPLOYMENT_TARGET = 18.2;
				MARKETING_VERSION = 1.0;
				PRODUCT_BUNDLE_IDENTIFIER = com.zachswift.Listen2Tests;
				PRODUCT_NAME = "$(TARGET_NAME)";
				SWIFT_EMIT_LOC_STRINGS = NO;
				SWIFT_VERSION = 5.0;
				TARGETED_DEVICE_FAMILY = "1,2";
				TEST_HOST = "$(BUILT_PRODUCTS_DIR)/Listen2.app/$(BUNDLE_EXECUTABLE_FOLDER_PATH)/Listen2";
			};
			name = Release;
		};
		A6E02F302EBD6693005E8935 /* Debug */ = {
			isa = XCBuildConfiguration;
			buildSettings = {
				CODE_SIGN_STYLE = Automatic;
				CURRENT_PROJECT_VERSION = 1;
				DEVELOPMENT_TEAM = 2DM29VZ8ED;
				GENERATE_INFOPLIST_FILE = YES;
				MARKETING_VERSION = 1.0;
				PRODUCT_BUNDLE_IDENTIFIER = com.zachswift.Listen2UITests;
				PRODUCT_NAME = "$(TARGET_NAME)";
				SWIFT_EMIT_LOC_STRINGS = NO;
				SWIFT_VERSION = 5.0;
				TARGETED_DEVICE_FAMILY = "1,2";
				TEST_TARGET_NAME = Listen2;
			};
			name = Debug;
		};
		A6E02F312EBD6693005E8935 /* Release */ = {
			isa = XCBuildConfiguration;
			buildSettings = {
				CODE_SIGN_STYLE = Automatic;
				CURRENT_PROJECT_VERSION = 1;
				DEVELOPMENT_TEAM = 2DM29VZ8ED;
				GENERATE_INFOPLIST_FILE = YES;
				MARKETING_VERSION = 1.0;
				PRODUCT_BUNDLE_IDENTIFIER = com.zachswift.Listen2UITests;
				PRODUCT_NAME = "$(TARGET_NAME)";
				SWIFT_EMIT_LOC_STRINGS = NO;
				SWIFT_VERSION = 5.0;
				TARGETED_DEVICE_FAMILY = "1,2";
				TEST_TARGET_NAME = Listen2;
			};
			name = Release;
		};
/* End XCBuildConfiguration section */

/* Begin XCConfigurationList section */
		A6E02EFE2EBD6692005E8935 /* Build configuration list for PBXProject "Listen2" */ = {
			isa = XCConfigurationList;
			buildConfigurations = (
				A6E02F272EBD6693005E8935 /* Debug */,
				A6E02F282EBD6693005E8935 /* Release */,
			);
			defaultConfigurationIsVisible = 0;
			defaultConfigurationName = Release;
		};
		A6E02F292EBD6693005E8935 /* Build configuration list for PBXNativeTarget "Listen2" */ = {
			isa = XCConfigurationList;
			buildConfigurations = (
				A6E02F2A2EBD6693005E8935 /* Debug */,
				A6E02F2B2EBD6693005E8935 /* Release */,
			);
			defaultConfigurationIsVisible = 0;
			defaultConfigurationName = Release;
		};
		A6E02F2C2EBD6693005E8935 /* Build configuration list for PBXNativeTarget "Listen2Tests" */ = {
			isa = XCConfigurationList;
			buildConfigurations = (
				A6E02F2D2EBD6693005E8935 /* Debug */,
				A6E02F2E2EBD6693005E8935 /* Release */,
			);
			defaultConfigurationIsVisible = 0;
			defaultConfigurationName = Release;
		};
		A6E02F2F2EBD6693005E8935 /* Build configuration list for PBXNativeTarget "Listen2UITests" */ = {
			isa = XCConfigurationList;
			buildConfigurations = (
				A6E02F302EBD6693005E8935 /* Debug */,
				A6E02F312EBD6693005E8935 /* Release */,
			);
			defaultConfigurationIsVisible = 0;
			defaultConfigurationName = Release;
		};
/* End XCConfigurationList section */

/* Begin XCRemoteSwiftPackageReference section */
		A6E030232EBEEA5C005E8935 /* XCRemoteSwiftPackageReference "ZIPFoundation" */ = {
			isa = XCRemoteSwiftPackageReference;
			repositoryURL = "https://github.com/weichsel/ZIPFoundation.git";
			requirement = {
				kind = upToNextMajorVersion;
				minimumVersion = 0.9.20;
			};
		};
		A6E049832EC06DBE005E8935 /* XCRemoteSwiftPackageReference "SWCompression" */ = {
			isa = XCRemoteSwiftPackageReference;
			repositoryURL = "https://github.com/tsolomko/SWCompression";
			requirement = {
				kind = upToNextMajorVersion;
				minimumVersion = 4.8.6;
			};
		};
/* End XCRemoteSwiftPackageReference section */

/* Begin XCSwiftPackageProductDependency section */
		A6E030252EBEED0E005E8935 /* ZIPFoundation */ = {
			isa = XCSwiftPackageProductDependency;
			package = A6E030232EBEEA5C005E8935 /* XCRemoteSwiftPackageReference "ZIPFoundation" */;
			productName = ZIPFoundation;
		};
		A6E049842EC06DBE005E8935 /* SWCompression */ = {
			isa = XCSwiftPackageProductDependency;
			package = A6E049832EC06DBE005E8935 /* XCRemoteSwiftPackageReference "SWCompression" */;
			productName = SWCompression;
		};
/* End XCSwiftPackageProductDependency section */
	};
	rootObject = A6E02EFB2EBD6692005E8935 /* Project object */;
}
